// !$*UTF8*$!
{
	archiveVersion = 1;
	classes = {
	};
	objectVersion = 55;
	objects = {

/* Begin PBXBuildFile section */
		D25D658828D99B6500888166 /* designCOdeIos15App.swift in Sources */ = {isa = PBXBuildFile; fileRef = D25D658728D99B6500888166 /* designCOdeIos15App.swift */; };
		D25D658A28D99B6500888166 /* ContentView.swift in Sources */ = {isa = PBXBuildFile; fileRef = D25D658928D99B6500888166 /* ContentView.swift */; };
		D25D658C28D99B6600888166 /* Assets.xcassets in Resources */ = {isa = PBXBuildFile; fileRef = D25D658B28D99B6600888166 /* Assets.xcassets */; };
		D25D658F28D99B6600888166 /* Preview Assets.xcassets in Resources */ = {isa = PBXBuildFile; fileRef = D25D658E28D99B6600888166 /* Preview Assets.xcassets */; };
		D25D659928D99B6600888166 /* designCOdeIos15Tests.swift in Sources */ = {isa = PBXBuildFile; fileRef = D25D659828D99B6600888166 /* designCOdeIos15Tests.swift */; };
		D25D65A328D99B6600888166 /* designCOdeIos15UITests.swift in Sources */ = {isa = PBXBuildFile; fileRef = D25D65A228D99B6600888166 /* designCOdeIos15UITests.swift */; };
		D25D65A528D99B6600888166 /* designCOdeIos15UITestsLaunchTests.swift in Sources */ = {isa = PBXBuildFile; fileRef = D25D65A428D99B6600888166 /* designCOdeIos15UITestsLaunchTests.swift */; };
		D2962E4F28DACFAD0077480B /* Styles.swift in Sources */ = {isa = PBXBuildFile; fileRef = D2962E4E28DACFAD0077480B /* Styles.swift */; };
		D2962E5128DAD5FA0077480B /* AccountView.swift in Sources */ = {isa = PBXBuildFile; fileRef = D2962E5028DAD5FA0077480B /* AccountView.swift */; };
		D2962E5328DB15870077480B /* HexagonVIew.swift in Sources */ = {isa = PBXBuildFile; fileRef = D2962E5228DB15870077480B /* HexagonVIew.swift */; };
		D2962E5528DB1BA80077480B /* BlobView.swift in Sources */ = {isa = PBXBuildFile; fileRef = D2962E5428DB1BA80077480B /* BlobView.swift */; };
		D298498628DD4E2D0057DD29 /* MatchedView.swift in Sources */ = {isa = PBXBuildFile; fileRef = D298498528DD4E2D0057DD29 /* MatchedView.swift */; };
		D298498828DD62D00057DD29 /* CourseItem.swift in Sources */ = {isa = PBXBuildFile; fileRef = D298498728DD62D00057DD29 /* CourseItem.swift */; };
		D298498A28DD63BB0057DD29 /* CourseView.swift in Sources */ = {isa = PBXBuildFile; fileRef = D298498928DD63BB0057DD29 /* CourseView.swift */; };
		D298498C28DD6A600057DD29 /* Animations.swift in Sources */ = {isa = PBXBuildFile; fileRef = D298498B28DD6A600057DD29 /* Animations.swift */; };
		D298498E28DDB7580057DD29 /* Model.swift in Sources */ = {isa = PBXBuildFile; fileRef = D298498D28DDB7580057DD29 /* Model.swift */; };
		D2B373F028DC3DE60027B734 /* TabBar.swift in Sources */ = {isa = PBXBuildFile; fileRef = D2B373EF28DC3DE60027B734 /* TabBar.swift */; };
		D2B373F228DC45BE0027B734 /* Tab.swift in Sources */ = {isa = PBXBuildFile; fileRef = D2B373F128DC45BE0027B734 /* Tab.swift */; };
		D2B373F928DC6B260027B734 /* HomeView.swift in Sources */ = {isa = PBXBuildFile; fileRef = D2B373F828DC6B260027B734 /* HomeView.swift */; };
		D2B373FB28DC6E600027B734 /* FeaturedItem.swift in Sources */ = {isa = PBXBuildFile; fileRef = D2B373FA28DC6E600027B734 /* FeaturedItem.swift */; };
		D2B373FD28DC6EC20027B734 /* NavigationBar.swift in Sources */ = {isa = PBXBuildFile; fileRef = D2B373FC28DC6EC20027B734 /* NavigationBar.swift */; };
		D2B373FF28DC86790027B734 /* PreferenceKey.swift in Sources */ = {isa = PBXBuildFile; fileRef = D2B373FE28DC86790027B734 /* PreferenceKey.swift */; };
		D2B3740128DC99E30027B734 /* AnimatableFontModifier.swift in Sources */ = {isa = PBXBuildFile; fileRef = D2B3740028DC99E30027B734 /* AnimatableFontModifier.swift */; };
		D2B3740328DC9D4E0027B734 /* Course.swift in Sources */ = {isa = PBXBuildFile; fileRef = D2B3740228DC9D4E0027B734 /* Course.swift */; };
/* End PBXBuildFile section */

/* Begin PBXContainerItemProxy section */
		D25D659528D99B6600888166 /* PBXContainerItemProxy */ = {
			isa = PBXContainerItemProxy;
			containerPortal = D25D657C28D99B6400888166 /* Project object */;
			proxyType = 1;
			remoteGlobalIDString = D25D658328D99B6400888166;
			remoteInfo = designCOdeIos15;
		};
		D25D659F28D99B6600888166 /* PBXContainerItemProxy */ = {
			isa = PBXContainerItemProxy;
			containerPortal = D25D657C28D99B6400888166 /* Project object */;
			proxyType = 1;
			remoteGlobalIDString = D25D658328D99B6400888166;
			remoteInfo = designCOdeIos15;
		};
/* End PBXContainerItemProxy section */

/* Begin PBXFileReference section */
		D25D658428D99B6500888166 /* designCOdeIos15.app */ = {isa = PBXFileReference; explicitFileType = wrapper.application; includeInIndex = 0; path = designCOdeIos15.app; sourceTree = BUILT_PRODUCTS_DIR; };
		D25D658728D99B6500888166 /* designCOdeIos15App.swift */ = {isa = PBXFileReference; lastKnownFileType = sourcecode.swift; path = designCOdeIos15App.swift; sourceTree = "<group>"; };
		D25D658928D99B6500888166 /* ContentView.swift */ = {isa = PBXFileReference; lastKnownFileType = sourcecode.swift; path = ContentView.swift; sourceTree = "<group>"; };
		D25D658B28D99B6600888166 /* Assets.xcassets */ = {isa = PBXFileReference; lastKnownFileType = folder.assetcatalog; path = Assets.xcassets; sourceTree = "<group>"; };
		D25D658E28D99B6600888166 /* Preview Assets.xcassets */ = {isa = PBXFileReference; lastKnownFileType = folder.assetcatalog; path = "Preview Assets.xcassets"; sourceTree = "<group>"; };
		D25D659428D99B6600888166 /* designCOdeIos15Tests.xctest */ = {isa = PBXFileReference; explicitFileType = wrapper.cfbundle; includeInIndex = 0; path = designCOdeIos15Tests.xctest; sourceTree = BUILT_PRODUCTS_DIR; };
		D25D659828D99B6600888166 /* designCOdeIos15Tests.swift */ = {isa = PBXFileReference; lastKnownFileType = sourcecode.swift; path = designCOdeIos15Tests.swift; sourceTree = "<group>"; };
		D25D659E28D99B6600888166 /* designCOdeIos15UITests.xctest */ = {isa = PBXFileReference; explicitFileType = wrapper.cfbundle; includeInIndex = 0; path = designCOdeIos15UITests.xctest; sourceTree = BUILT_PRODUCTS_DIR; };
		D25D65A228D99B6600888166 /* designCOdeIos15UITests.swift */ = {isa = PBXFileReference; lastKnownFileType = sourcecode.swift; path = designCOdeIos15UITests.swift; sourceTree = "<group>"; };
		D25D65A428D99B6600888166 /* designCOdeIos15UITestsLaunchTests.swift */ = {isa = PBXFileReference; lastKnownFileType = sourcecode.swift; path = designCOdeIos15UITestsLaunchTests.swift; sourceTree = "<group>"; };
		D2962E4E28DACFAD0077480B /* Styles.swift */ = {isa = PBXFileReference; lastKnownFileType = sourcecode.swift; path = Styles.swift; sourceTree = "<group>"; };
		D2962E5028DAD5FA0077480B /* AccountView.swift */ = {isa = PBXFileReference; lastKnownFileType = sourcecode.swift; path = AccountView.swift; sourceTree = "<group>"; };
		D2962E5228DB15870077480B /* HexagonVIew.swift */ = {isa = PBXFileReference; lastKnownFileType = sourcecode.swift; path = HexagonVIew.swift; sourceTree = "<group>"; };
		D2962E5428DB1BA80077480B /* BlobView.swift */ = {isa = PBXFileReference; lastKnownFileType = sourcecode.swift; path = BlobView.swift; sourceTree = "<group>"; };
		D298498528DD4E2D0057DD29 /* MatchedView.swift */ = {isa = PBXFileReference; lastKnownFileType = sourcecode.swift; path = MatchedView.swift; sourceTree = "<group>"; };
		D298498728DD62D00057DD29 /* CourseItem.swift */ = {isa = PBXFileReference; lastKnownFileType = sourcecode.swift; path = CourseItem.swift; sourceTree = "<group>"; };
		D298498928DD63BB0057DD29 /* CourseView.swift */ = {isa = PBXFileReference; lastKnownFileType = sourcecode.swift; path = CourseView.swift; sourceTree = "<group>"; };
		D298498B28DD6A600057DD29 /* Animations.swift */ = {isa = PBXFileReference; lastKnownFileType = sourcecode.swift; path = Animations.swift; sourceTree = "<group>"; };
		D298498D28DDB7580057DD29 /* Model.swift */ = {isa = PBXFileReference; lastKnownFileType = sourcecode.swift; path = Model.swift; sourceTree = "<group>"; };
		D2B373EF28DC3DE60027B734 /* TabBar.swift */ = {isa = PBXFileReference; lastKnownFileType = sourcecode.swift; path = TabBar.swift; sourceTree = "<group>"; };
		D2B373F128DC45BE0027B734 /* Tab.swift */ = {isa = PBXFileReference; lastKnownFileType = sourcecode.swift; path = Tab.swift; sourceTree = "<group>"; };
		D2B373F828DC6B260027B734 /* HomeView.swift */ = {isa = PBXFileReference; lastKnownFileType = sourcecode.swift; path = HomeView.swift; sourceTree = "<group>"; };
		D2B373FA28DC6E600027B734 /* FeaturedItem.swift */ = {isa = PBXFileReference; lastKnownFileType = sourcecode.swift; path = FeaturedItem.swift; sourceTree = "<group>"; };
		D2B373FC28DC6EC20027B734 /* NavigationBar.swift */ = {isa = PBXFileReference; lastKnownFileType = sourcecode.swift; path = NavigationBar.swift; sourceTree = "<group>"; };
		D2B373FE28DC86790027B734 /* PreferenceKey.swift */ = {isa = PBXFileReference; lastKnownFileType = sourcecode.swift; path = PreferenceKey.swift; sourceTree = "<group>"; };
		D2B3740028DC99E30027B734 /* AnimatableFontModifier.swift */ = {isa = PBXFileReference; lastKnownFileType = sourcecode.swift; path = AnimatableFontModifier.swift; sourceTree = "<group>"; };
		D2B3740228DC9D4E0027B734 /* Course.swift */ = {isa = PBXFileReference; lastKnownFileType = sourcecode.swift; path = Course.swift; sourceTree = "<group>"; };
/* End PBXFileReference section */

/* Begin PBXFrameworksBuildPhase section */
		D25D658128D99B6400888166 /* Frameworks */ = {
			isa = PBXFrameworksBuildPhase;
			buildActionMask = 2147483647;
			files = (
			);
			runOnlyForDeploymentPostprocessing = 0;
		};
		D25D659128D99B6600888166 /* Frameworks */ = {
			isa = PBXFrameworksBuildPhase;
			buildActionMask = 2147483647;
			files = (
			);
			runOnlyForDeploymentPostprocessing = 0;
		};
		D25D659B28D99B6600888166 /* Frameworks */ = {
			isa = PBXFrameworksBuildPhase;
			buildActionMask = 2147483647;
			files = (
			);
			runOnlyForDeploymentPostprocessing = 0;
		};
/* End PBXFrameworksBuildPhase section */

/* Begin PBXGroup section */
		D25D657B28D99B6400888166 = {
			isa = PBXGroup;
			children = (
				D25D658628D99B6500888166 /* designCOdeIos15 */,
				D25D659728D99B6600888166 /* designCOdeIos15Tests */,
				D25D65A128D99B6600888166 /* designCOdeIos15UITests */,
				D25D658528D99B6500888166 /* Products */,
			);
			sourceTree = "<group>";
		};
		D25D658528D99B6500888166 /* Products */ = {
			isa = PBXGroup;
			children = (
				D25D658428D99B6500888166 /* designCOdeIos15.app */,
				D25D659428D99B6600888166 /* designCOdeIos15Tests.xctest */,
				D25D659E28D99B6600888166 /* designCOdeIos15UITests.xctest */,
			);
			name = Products;
			sourceTree = "<group>";
		};
		D25D658628D99B6500888166 /* designCOdeIos15 */ = {
			isa = PBXGroup;
			children = (
				D25D658B28D99B6600888166 /* Assets.xcassets */,
				D25D658728D99B6500888166 /* designCOdeIos15App.swift */,
				D2B373F428DC6A320027B734 /* Navigation */,
				D2B373F528DC6A490027B734 /* Views */,
				D2B373F728DC6AF20027B734 /* Model */,
				D2B373F628DC6A8E0027B734 /* Components */,
				D25D658D28D99B6600888166 /* Preview Content */,
				D2B373F328DC6A180027B734 /* Styles */,
			);
			path = designCOdeIos15;
			sourceTree = "<group>";
		};
		D25D658D28D99B6600888166 /* Preview Content */ = {
			isa = PBXGroup;
			children = (
				D25D658E28D99B6600888166 /* Preview Assets.xcassets */,
			);
			path = "Preview Content";
			sourceTree = "<group>";
		};
		D25D659728D99B6600888166 /* designCOdeIos15Tests */ = {
			isa = PBXGroup;
			children = (
				D25D659828D99B6600888166 /* designCOdeIos15Tests.swift */,
			);
			path = designCOdeIos15Tests;
			sourceTree = "<group>";
		};
		D25D65A128D99B6600888166 /* designCOdeIos15UITests */ = {
			isa = PBXGroup;
			children = (
				D25D65A228D99B6600888166 /* designCOdeIos15UITests.swift */,
				D25D65A428D99B6600888166 /* designCOdeIos15UITestsLaunchTests.swift */,
			);
			path = designCOdeIos15UITests;
			sourceTree = "<group>";
		};
		D2B373F328DC6A180027B734 /* Styles */ = {
			isa = PBXGroup;
			children = (
				D2962E4E28DACFAD0077480B /* Styles.swift */,
				D2B3740028DC99E30027B734 /* AnimatableFontModifier.swift */,
				D298498B28DD6A600057DD29 /* Animations.swift */,
			);
			name = Styles;
			sourceTree = "<group>";
		};
		D2B373F428DC6A320027B734 /* Navigation */ = {
			isa = PBXGroup;
			children = (
				D2B373EF28DC3DE60027B734 /* TabBar.swift */,
				D25D658928D99B6500888166 /* ContentView.swift */,
				D2B373FC28DC6EC20027B734 /* NavigationBar.swift */,
			);
			path = Navigation;
			sourceTree = "<group>";
		};
		D2B373F528DC6A490027B734 /* Views */ = {
			isa = PBXGroup;
			children = (
				D2B373F828DC6B260027B734 /* HomeView.swift */,
				D2962E5028DAD5FA0077480B /* AccountView.swift */,
				D298498528DD4E2D0057DD29 /* MatchedView.swift */,
				D298498928DD63BB0057DD29 /* CourseView.swift */,
			);
			path = Views;
			sourceTree = "<group>";
		};
		D2B373F628DC6A8E0027B734 /* Components */ = {
			isa = PBXGroup;
			children = (
				D2962E5228DB15870077480B /* HexagonVIew.swift */,
				D2962E5428DB1BA80077480B /* BlobView.swift */,
				D2B373FA28DC6E600027B734 /* FeaturedItem.swift */,
				D298498728DD62D00057DD29 /* CourseItem.swift */,
			);
			path = Components;
			sourceTree = "<group>";
		};
		D2B373F728DC6AF20027B734 /* Model */ = {
			isa = PBXGroup;
			children = (
				D2B373F128DC45BE0027B734 /* Tab.swift */,
				D2B373FE28DC86790027B734 /* PreferenceKey.swift */,
				D2B3740228DC9D4E0027B734 /* Course.swift */,
				D298498D28DDB7580057DD29 /* Model.swift */,
			);
			name = Model;
			sourceTree = "<group>";
		};
/* End PBXGroup section */

/* Begin PBXNativeTarget section */
		D25D658328D99B6400888166 /* designCOdeIos15 */ = {
			isa = PBXNativeTarget;
			buildConfigurationList = D25D65A828D99B6600888166 /* Build configuration list for PBXNativeTarget "designCOdeIos15" */;
			buildPhases = (
				D25D658028D99B6400888166 /* Sources */,
				D25D658128D99B6400888166 /* Frameworks */,
				D25D658228D99B6400888166 /* Resources */,
			);
			buildRules = (
			);
			dependencies = (
			);
			name = designCOdeIos15;
			productName = designCOdeIos15;
			productReference = D25D658428D99B6500888166 /* designCOdeIos15.app */;
			productType = "com.apple.product-type.application";
		};
		D25D659328D99B6600888166 /* designCOdeIos15Tests */ = {
			isa = PBXNativeTarget;
			buildConfigurationList = D25D65AB28D99B6600888166 /* Build configuration list for PBXNativeTarget "designCOdeIos15Tests" */;
			buildPhases = (
				D25D659028D99B6600888166 /* Sources */,
				D25D659128D99B6600888166 /* Frameworks */,
				D25D659228D99B6600888166 /* Resources */,
			);
			buildRules = (
			);
			dependencies = (
				D25D659628D99B6600888166 /* PBXTargetDependency */,
			);
			name = designCOdeIos15Tests;
			productName = designCOdeIos15Tests;
			productReference = D25D659428D99B6600888166 /* designCOdeIos15Tests.xctest */;
			productType = "com.apple.product-type.bundle.unit-test";
		};
		D25D659D28D99B6600888166 /* designCOdeIos15UITests */ = {
			isa = PBXNativeTarget;
			buildConfigurationList = D25D65AE28D99B6600888166 /* Build configuration list for PBXNativeTarget "designCOdeIos15UITests" */;
			buildPhases = (
				D25D659A28D99B6600888166 /* Sources */,
				D25D659B28D99B6600888166 /* Frameworks */,
				D25D659C28D99B6600888166 /* Resources */,
			);
			buildRules = (
			);
			dependencies = (
				D25D65A028D99B6600888166 /* PBXTargetDependency */,
			);
			name = designCOdeIos15UITests;
			productName = designCOdeIos15UITests;
			productReference = D25D659E28D99B6600888166 /* designCOdeIos15UITests.xctest */;
			productType = "com.apple.product-type.bundle.ui-testing";
		};
/* End PBXNativeTarget section */

/* Begin PBXProject section */
		D25D657C28D99B6400888166 /* Project object */ = {
			isa = PBXProject;
			attributes = {
				BuildIndependentTargetsInParallel = 1;
				LastSwiftUpdateCheck = 1320;
				LastUpgradeCheck = 1320;
				TargetAttributes = {
					D25D658328D99B6400888166 = {
						CreatedOnToolsVersion = 13.2.1;
					};
					D25D659328D99B6600888166 = {
						CreatedOnToolsVersion = 13.2.1;
						TestTargetID = D25D658328D99B6400888166;
					};
					D25D659D28D99B6600888166 = {
						CreatedOnToolsVersion = 13.2.1;
						TestTargetID = D25D658328D99B6400888166;
					};
				};
			};
			buildConfigurationList = D25D657F28D99B6400888166 /* Build configuration list for PBXProject "designCOdeIos15" */;
			compatibilityVersion = "Xcode 13.0";
			developmentRegion = en;
			hasScannedForEncodings = 0;
			knownRegions = (
				en,
				Base,
			);
			mainGroup = D25D657B28D99B6400888166;
			productRefGroup = D25D658528D99B6500888166 /* Products */;
			projectDirPath = "";
			projectRoot = "";
			targets = (
				D25D658328D99B6400888166 /* designCOdeIos15 */,
				D25D659328D99B6600888166 /* designCOdeIos15Tests */,
				D25D659D28D99B6600888166 /* designCOdeIos15UITests */,
			);
		};
/* End PBXProject section */

/* Begin PBXResourcesBuildPhase section */
		D25D658228D99B6400888166 /* Resources */ = {
			isa = PBXResourcesBuildPhase;
			buildActionMask = 2147483647;
			files = (
				D25D658F28D99B6600888166 /* Preview Assets.xcassets in Resources */,
				D25D658C28D99B6600888166 /* Assets.xcassets in Resources */,
			);
			runOnlyForDeploymentPostprocessing = 0;
		};
		D25D659228D99B6600888166 /* Resources */ = {
			isa = PBXResourcesBuildPhase;
			buildActionMask = 2147483647;
			files = (
			);
			runOnlyForDeploymentPostprocessing = 0;
		};
		D25D659C28D99B6600888166 /* Resources */ = {
			isa = PBXResourcesBuildPhase;
			buildActionMask = 2147483647;
			files = (
			);
			runOnlyForDeploymentPostprocessing = 0;
		};
/* End PBXResourcesBuildPhase section */

/* Begin PBXSourcesBuildPhase section */
		D25D658028D99B6400888166 /* Sources */ = {
			isa = PBXSourcesBuildPhase;
			buildActionMask = 2147483647;
			files = (
				D2B373F928DC6B260027B734 /* HomeView.swift in Sources */,
				D2962E5128DAD5FA0077480B /* AccountView.swift in Sources */,
				D298498A28DD63BB0057DD29 /* CourseView.swift in Sources */,
				D2962E4F28DACFAD0077480B /* Styles.swift in Sources */,
				D25D658A28D99B6500888166 /* ContentView.swift in Sources */,
				D298498628DD4E2D0057DD29 /* MatchedView.swift in Sources */,
				D2B373F228DC45BE0027B734 /* Tab.swift in Sources */,
				D2B373FD28DC6EC20027B734 /* NavigationBar.swift in Sources */,
				D2B373FF28DC86790027B734 /* PreferenceKey.swift in Sources */,
				D2962E5528DB1BA80077480B /* BlobView.swift in Sources */,
				D2B3740328DC9D4E0027B734 /* Course.swift in Sources */,
				D25D658828D99B6500888166 /* designCOdeIos15App.swift in Sources */,
				D298498828DD62D00057DD29 /* CourseItem.swift in Sources */,
				D2962E5328DB15870077480B /* HexagonVIew.swift in Sources */,
				D298498C28DD6A600057DD29 /* Animations.swift in Sources */,
				D2B373FB28DC6E600027B734 /* FeaturedItem.swift in Sources */,
				D298498E28DDB7580057DD29 /* Model.swift in Sources */,
				D2B373F028DC3DE60027B734 /* TabBar.swift in Sources */,
				D2B3740128DC99E30027B734 /* AnimatableFontModifier.swift in Sources */,
			);
			runOnlyForDeploymentPostprocessing = 0;
		};
		D25D659028D99B6600888166 /* Sources */ = {
			isa = PBXSourcesBuildPhase;
			buildActionMask = 2147483647;
			files = (
				D25D659928D99B6600888166 /* designCOdeIos15Tests.swift in Sources */,
			);
			runOnlyForDeploymentPostprocessing = 0;
		};
		D25D659A28D99B6600888166 /* Sources */ = {
			isa = PBXSourcesBuildPhase;
			buildActionMask = 2147483647;
			files = (
				D25D65A328D99B6600888166 /* designCOdeIos15UITests.swift in Sources */,
				D25D65A528D99B6600888166 /* designCOdeIos15UITestsLaunchTests.swift in Sources */,
			);
			runOnlyForDeploymentPostprocessing = 0;
		};
/* End PBXSourcesBuildPhase section */

/* Begin PBXTargetDependency section */
		D25D659628D99B6600888166 /* PBXTargetDependency */ = {
			isa = PBXTargetDependency;
			target = D25D658328D99B6400888166 /* designCOdeIos15 */;
			targetProxy = D25D659528D99B6600888166 /* PBXContainerItemProxy */;
		};
		D25D65A028D99B6600888166 /* PBXTargetDependency */ = {
			isa = PBXTargetDependency;
			target = D25D658328D99B6400888166 /* designCOdeIos15 */;
			targetProxy = D25D659F28D99B6600888166 /* PBXContainerItemProxy */;
		};
/* End PBXTargetDependency section */

/* Begin XCBuildConfiguration section */
		D25D65A628D99B6600888166 /* Debug */ = {
			isa = XCBuildConfiguration;
			buildSettings = {
				ALWAYS_SEARCH_USER_PATHS = NO;
				CLANG_ANALYZER_NONNULL = YES;
				CLANG_ANALYZER_NUMBER_OBJECT_CONVERSION = YES_AGGRESSIVE;
				CLANG_CXX_LANGUAGE_STANDARD = "gnu++17";
				CLANG_CXX_LIBRARY = "libc++";
				CLANG_ENABLE_MODULES = YES;
				CLANG_ENABLE_OBJC_ARC = YES;
				CLANG_ENABLE_OBJC_WEAK = YES;
				CLANG_WARN_BLOCK_CAPTURE_AUTORELEASING = YES;
				CLANG_WARN_BOOL_CONVERSION = YES;
				CLANG_WARN_COMMA = YES;
				CLANG_WARN_CONSTANT_CONVERSION = YES;
				CLANG_WARN_DEPRECATED_OBJC_IMPLEMENTATIONS = YES;
				CLANG_WARN_DIRECT_OBJC_ISA_USAGE = YES_ERROR;
				CLANG_WARN_DOCUMENTATION_COMMENTS = YES;
				CLANG_WARN_EMPTY_BODY = YES;
				CLANG_WARN_ENUM_CONVERSION = YES;
				CLANG_WARN_INFINITE_RECURSION = YES;
				CLANG_WARN_INT_CONVERSION = YES;
				CLANG_WARN_NON_LITERAL_NULL_CONVERSION = YES;
				CLANG_WARN_OBJC_IMPLICIT_RETAIN_SELF = YES;
				CLANG_WARN_OBJC_LITERAL_CONVERSION = YES;
				CLANG_WARN_OBJC_ROOT_CLASS = YES_ERROR;
				CLANG_WARN_QUOTED_INCLUDE_IN_FRAMEWORK_HEADER = YES;
				CLANG_WARN_RANGE_LOOP_ANALYSIS = YES;
				CLANG_WARN_STRICT_PROTOTYPES = YES;
				CLANG_WARN_SUSPICIOUS_MOVE = YES;
				CLANG_WARN_UNGUARDED_AVAILABILITY = YES_AGGRESSIVE;
				CLANG_WARN_UNREACHABLE_CODE = YES;
				CLANG_WARN__DUPLICATE_METHOD_MATCH = YES;
				COPY_PHASE_STRIP = NO;
				DEBUG_INFORMATION_FORMAT = dwarf;
				ENABLE_STRICT_OBJC_MSGSEND = YES;
				ENABLE_TESTABILITY = YES;
				GCC_C_LANGUAGE_STANDARD = gnu11;
				GCC_DYNAMIC_NO_PIC = NO;
				GCC_NO_COMMON_BLOCKS = YES;
				GCC_OPTIMIZATION_LEVEL = 0;
				GCC_PREPROCESSOR_DEFINITIONS = (
					"DEBUG=1",
					"$(inherited)",
				);
				GCC_WARN_64_TO_32_BIT_CONVERSION = YES;
				GCC_WARN_ABOUT_RETURN_TYPE = YES_ERROR;
				GCC_WARN_UNDECLARED_SELECTOR = YES;
				GCC_WARN_UNINITIALIZED_AUTOS = YES_AGGRESSIVE;
				GCC_WARN_UNUSED_FUNCTION = YES;
				GCC_WARN_UNUSED_VARIABLE = YES;
				IPHONEOS_DEPLOYMENT_TARGET = 15.2;
				MTL_ENABLE_DEBUG_INFO = INCLUDE_SOURCE;
				MTL_FAST_MATH = YES;
				ONLY_ACTIVE_ARCH = YES;
				SDKROOT = iphoneos;
				SWIFT_ACTIVE_COMPILATION_CONDITIONS = DEBUG;
				SWIFT_OPTIMIZATION_LEVEL = "-Onone";
			};
			name = Debug;
		};
		D25D65A728D99B6600888166 /* Release */ = {
			isa = XCBuildConfiguration;
			buildSettings = {
				ALWAYS_SEARCH_USER_PATHS = NO;
				CLANG_ANALYZER_NONNULL = YES;
				CLANG_ANALYZER_NUMBER_OBJECT_CONVERSION = YES_AGGRESSIVE;
				CLANG_CXX_LANGUAGE_STANDARD = "gnu++17";
				CLANG_CXX_LIBRARY = "libc++";
				CLANG_ENABLE_MODULES = YES;
				CLANG_ENABLE_OBJC_ARC = YES;
				CLANG_ENABLE_OBJC_WEAK = YES;
				CLANG_WARN_BLOCK_CAPTURE_AUTORELEASING = YES;
				CLANG_WARN_BOOL_CONVERSION = YES;
				CLANG_WARN_COMMA = YES;
				CLANG_WARN_CONSTANT_CONVERSION = YES;
				CLANG_WARN_DEPRECATED_OBJC_IMPLEMENTATIONS = YES;
				CLANG_WARN_DIRECT_OBJC_ISA_USAGE = YES_ERROR;
				CLANG_WARN_DOCUMENTATION_COMMENTS = YES;
				CLANG_WARN_EMPTY_BODY = YES;
				CLANG_WARN_ENUM_CONVERSION = YES;
				CLANG_WARN_INFINITE_RECURSION = YES;
				CLANG_WARN_INT_CONVERSION = YES;
				CLANG_WARN_NON_LITERAL_NULL_CONVERSION = YES;
				CLANG_WARN_OBJC_IMPLICIT_RETAIN_SELF = YES;
				CLANG_WARN_OBJC_LITERAL_CONVERSION = YES;
				CLANG_WARN_OBJC_ROOT_CLASS = YES_ERROR;
				CLANG_WARN_QUOTED_INCLUDE_IN_FRAMEWORK_HEADER = YES;
				CLANG_WARN_RANGE_LOOP_ANALYSIS = YES;
				CLANG_WARN_STRICT_PROTOTYPES = YES;
				CLANG_WARN_SUSPICIOUS_MOVE = YES;
				CLANG_WARN_UNGUARDED_AVAILABILITY = YES_AGGRESSIVE;
				CLANG_WARN_UNREACHABLE_CODE = YES;
				CLANG_WARN__DUPLICATE_METHOD_MATCH = YES;
				COPY_PHASE_STRIP = NO;
				DEBUG_INFORMATION_FORMAT = "dwarf-with-dsym";
				ENABLE_NS_ASSERTIONS = NO;
				ENABLE_STRICT_OBJC_MSGSEND = YES;
				GCC_C_LANGUAGE_STANDARD = gnu11;
				GCC_NO_COMMON_BLOCKS = YES;
				GCC_WARN_64_TO_32_BIT_CONVERSION = YES;
				GCC_WARN_ABOUT_RETURN_TYPE = YES_ERROR;
				GCC_WARN_UNDECLARED_SELECTOR = YES;
				GCC_WARN_UNINITIALIZED_AUTOS = YES_AGGRESSIVE;
				GCC_WARN_UNUSED_FUNCTION = YES;
				GCC_WARN_UNUSED_VARIABLE = YES;
				IPHONEOS_DEPLOYMENT_TARGET = 15.2;
				MTL_ENABLE_DEBUG_INFO = NO;
				MTL_FAST_MATH = YES;
				SDKROOT = iphoneos;
				SWIFT_COMPILATION_MODE = wholemodule;
				SWIFT_OPTIMIZATION_LEVEL = "-O";
				VALIDATE_PRODUCT = YES;
			};
			name = Release;
		};
		D25D65A928D99B6600888166 /* Debug */ = {
			isa = XCBuildConfiguration;
			buildSettings = {
				ASSETCATALOG_COMPILER_APPICON_NAME = AppIcon;
				ASSETCATALOG_COMPILER_GLOBAL_ACCENT_COLOR_NAME = AccentColor;
				CODE_SIGN_STYLE = Automatic;
				CURRENT_PROJECT_VERSION = 1;
				DEVELOPMENT_ASSET_PATHS = "\"designCOdeIos15/Preview Content\"";
				DEVELOPMENT_TEAM = 5S3NVW586R;
				ENABLE_PREVIEWS = YES;
				GENERATE_INFOPLIST_FILE = YES;
				INFOPLIST_KEY_UIApplicationSceneManifest_Generation = YES;
				INFOPLIST_KEY_UIApplicationSupportsIndirectInputEvents = YES;
				INFOPLIST_KEY_UILaunchScreen_Generation = YES;
				INFOPLIST_KEY_UISupportedInterfaceOrientations_iPad = "UIInterfaceOrientationPortrait UIInterfaceOrientationPortraitUpsideDown UIInterfaceOrientationLandscapeLeft UIInterfaceOrientationLandscapeRight";
				INFOPLIST_KEY_UISupportedInterfaceOrientations_iPhone = "UIInterfaceOrientationPortrait UIInterfaceOrientationLandscapeLeft UIInterfaceOrientationLandscapeRight";
				LD_RUNPATH_SEARCH_PATHS = (
					"$(inherited)",
					"@executable_path/Frameworks",
				);
				MARKETING_VERSION = 1.0;
				PRODUCT_BUNDLE_IDENTIFIER = logyxiao.designCOdeIos15;
				PRODUCT_NAME = "$(TARGET_NAME)";
				SWIFT_EMIT_LOC_STRINGS = YES;
				SWIFT_VERSION = 5.0;
				TARGETED_DEVICE_FAMILY = "1,2";
			};
			name = Debug;
		};
		D25D65AA28D99B6600888166 /* Release */ = {
			isa = XCBuildConfiguration;
			buildSettings = {
				ASSETCATALOG_COMPILER_APPICON_NAME = AppIcon;
				ASSETCATALOG_COMPILER_GLOBAL_ACCENT_COLOR_NAME = AccentColor;
				CODE_SIGN_STYLE = Automatic;
				CURRENT_PROJECT_VERSION = 1;
				DEVELOPMENT_ASSET_PATHS = "\"designCOdeIos15/Preview Content\"";
				DEVELOPMENT_TEAM = 5S3NVW586R;
				ENABLE_PREVIEWS = YES;
				GENERATE_INFOPLIST_FILE = YES;
				INFOPLIST_KEY_UIApplicationSceneManifest_Generation = YES;
				INFOPLIST_KEY_UIApplicationSupportsIndirectInputEvents = YES;
				INFOPLIST_KEY_UILaunchScreen_Generation = YES;
				INFOPLIST_KEY_UISupportedInterfaceOrientations_iPad = "UIInterfaceOrientationPortrait UIInterfaceOrientationPortraitUpsideDown UIInterfaceOrientationLandscapeLeft UIInterfaceOrientationLandscapeRight";
				INFOPLIST_KEY_UISupportedInterfaceOrientations_iPhone = "UIInterfaceOrientationPortrait UIInterfaceOrientationLandscapeLeft UIInterfaceOrientationLandscapeRight";
				LD_RUNPATH_SEARCH_PATHS = (
					"$(inherited)",
					"@executable_path/Frameworks",
				);
				MARKETING_VERSION = 1.0;
				PRODUCT_BUNDLE_IDENTIFIER = logyxiao.designCOdeIos15;
				PRODUCT_NAME = "$(TARGET_NAME)";
				SWIFT_EMIT_LOC_STRINGS = YES;
				SWIFT_VERSION = 5.0;
				TARGETED_DEVICE_FAMILY = "1,2";
			};
			name = Release;
		};
		D25D65AC28D99B6600888166 /* Debug */ = {
			isa = XCBuildConfiguration;
			buildSettings = {
				ALWAYS_EMBED_SWIFT_STANDARD_LIBRARIES = YES;
				BUNDLE_LOADER = "$(TEST_HOST)";
				CODE_SIGN_STYLE = Automatic;
				CURRENT_PROJECT_VERSION = 1;
				DEVELOPMENT_TEAM = 5S3NVW586R;
				GENERATE_INFOPLIST_FILE = YES;
				IPHONEOS_DEPLOYMENT_TARGET = 15.2;
				MARKETING_VERSION = 1.0;
				PRODUCT_BUNDLE_IDENTIFIER = logyxiao.designCOdeIos15Tests;
				PRODUCT_NAME = "$(TARGET_NAME)";
				SWIFT_EMIT_LOC_STRINGS = NO;
				SWIFT_VERSION = 5.0;
				TARGETED_DEVICE_FAMILY = "1,2";
				TEST_HOST = "$(BUILT_PRODUCTS_DIR)/designCOdeIos15.app/designCOdeIos15";
			};
			name = Debug;
		};
		D25D65AD28D99B6600888166 /* Release */ = {
			isa = XCBuildConfiguration;
			buildSettings = {
				ALWAYS_EMBED_SWIFT_STANDARD_LIBRARIES = YES;
				BUNDLE_LOADER = "$(TEST_HOST)";
				CODE_SIGN_STYLE = Automatic;
				CURRENT_PROJECT_VERSION = 1;
				DEVELOPMENT_TEAM = 5S3NVW586R;
				GENERATE_INFOPLIST_FILE = YES;
				IPHONEOS_DEPLOYMENT_TARGET = 15.2;
				MARKETING_VERSION = 1.0;
				PRODUCT_BUNDLE_IDENTIFIER = logyxiao.designCOdeIos15Tests;
				PRODUCT_NAME = "$(TARGET_NAME)";
				SWIFT_EMIT_LOC_STRINGS = NO;
				SWIFT_VERSION = 5.0;
				TARGETED_DEVICE_FAMILY = "1,2";
				TEST_HOST = "$(BUILT_PRODUCTS_DIR)/designCOdeIos15.app/designCOdeIos15";
			};
			name = Release;
		};
		D25D65AF28D99B6600888166 /* Debug */ = {
			isa = XCBuildConfiguration;
			buildSettings = {
				ALWAYS_EMBED_SWIFT_STANDARD_LIBRARIES = YES;
				CODE_SIGN_STYLE = Automatic;
				CURRENT_PROJECT_VERSION = 1;
				DEVELOPMENT_TEAM = 5S3NVW586R;
				GENERATE_INFOPLIST_FILE = YES;
				MARKETING_VERSION = 1.0;
				PRODUCT_BUNDLE_IDENTIFIER = logyxiao.designCOdeIos15UITests;
				PRODUCT_NAME = "$(TARGET_NAME)";
				SWIFT_EMIT_LOC_STRINGS = NO;
				SWIFT_VERSION = 5.0;
				TARGETED_DEVICE_FAMILY = "1,2";
				TEST_TARGET_NAME = designCOdeIos15;
			};
			name = Debug;
		};
		D25D65B028D99B6600888166 /* Release */ = {
			isa = XCBuildConfiguration;
			buildSettings = {
				ALWAYS_EMBED_SWIFT_STANDARD_LIBRARIES = YES;
				CODE_SIGN_STYLE = Automatic;
				CURRENT_PROJECT_VERSION = 1;
				DEVELOPMENT_TEAM = 5S3NVW586R;
				GENERATE_INFOPLIST_FILE = YES;
				MARKETING_VERSION = 1.0;
				PRODUCT_BUNDLE_IDENTIFIER = logyxiao.designCOdeIos15UITests;
				PRODUCT_NAME = "$(TARGET_NAME)";
				SWIFT_EMIT_LOC_STRINGS = NO;
				SWIFT_VERSION = 5.0;
				TARGETED_DEVICE_FAMILY = "1,2";
				TEST_TARGET_NAME = designCOdeIos15;
			};
			name = Release;
		};
/* End XCBuildConfiguration section */

/* Begin XCConfigurationList section */
		D25D657F28D99B6400888166 /* Build configuration list for PBXProject "designCOdeIos15" */ = {
			isa = XCConfigurationList;
			buildConfigurations = (
				D25D65A628D99B6600888166 /* Debug */,
				D25D65A728D99B6600888166 /* Release */,
			);
			defaultConfigurationIsVisible = 0;
			defaultConfigurationName = Release;
		};
		D25D65A828D99B6600888166 /* Build configuration list for PBXNativeTarget "designCOdeIos15" */ = {
			isa = XCConfigurationList;
			buildConfigurations = (
				D25D65A928D99B6600888166 /* Debug */,
				D25D65AA28D99B6600888166 /* Release */,
			);
			defaultConfigurationIsVisible = 0;
			defaultConfigurationName = Release;
		};
		D25D65AB28D99B6600888166 /* Build configuration list for PBXNativeTarget "designCOdeIos15Tests" */ = {
			isa = XCConfigurationList;
			buildConfigurations = (
				D25D65AC28D99B6600888166 /* Debug */,
				D25D65AD28D99B6600888166 /* Release */,
			);
			defaultConfigurationIsVisible = 0;
			defaultConfigurationName = Release;
		};
		D25D65AE28D99B6600888166 /* Build configuration list for PBXNativeTarget "designCOdeIos15UITests" */ = {
			isa = XCConfigurationList;
			buildConfigurations = (
				D25D65AF28D99B6600888166 /* Debug */,
				D25D65B028D99B6600888166 /* Release */,
			);
			defaultConfigurationIsVisible = 0;
			defaultConfigurationName = Release;
		};
/* End XCConfigurationList section */
	};
	rootObject = D25D657C28D99B6400888166 /* Project object */;
}
